
Microsoft Visual Studio Solution File, Format Version 12.00
# Visual Studio Version 17
VisualStudioVersion = 17.14.35906.104 d17.14
MinimumVisualStudioVersion = 10.0.40219.1
Project("{FAE04EC0-301F-11D3-BF4B-00C04F79EFBC}") = "PrimeNumberCalculator", "PrimeNumberCalculator\PrimeNumberCalculator.csproj", "{3ECA9A3D-A276-4715-A9B8-D7F365BC20B4}"
EndProject
Global
	GlobalSection(SolutionConfigurationPlatforms) = preSolution
		Debug|Any CPU = Debug|Any CPU
		Release|Any CPU = Release|Any CPU
	EndGlobalSection
	GlobalSection(ProjectConfigurationPlatforms) = postSolution
		{3ECA9A3D-A276-4715-A9B8-D7F365BC20B4}.Debug|Any CPU.ActiveCfg = Debug|Any CPU
		{3ECA9A3D-A276-4715-A9B8-D7F365BC20B4}.Debug|Any CPU.Build.0 = Debug|Any CPU
		{3ECA9A3D-A276-4715-A9B8-D7F365BC20B4}.Release|Any CPU.ActiveCfg = Release|Any CPU
		{3ECA9A3D-A276-4715-A9B8-D7F365BC20B4}.Release|Any CPU.Build.0 = Release|Any CPU
	EndGlobalSection
	GlobalSection(SolutionProperties) = preSolution
		HideSolutionNode = FALSE
	EndGlobalSection
	GlobalSection(ExtensibilityGlobals) = postSolution
		SolutionGuid = {D41F0B30-935F-4BDD-83A4-D7C21DBBD95C}
	EndGlobalSection
EndGlobal
